{
    "_meta": {
        "hash": {
            "sha256": "51dae3bed76e7a8accbfdb5a40e132fe2fa99a7f3d415ad754da956f7797fe86"
        },
        "pipfile-spec": 6,
        "requires": {
            "python_full_version": "3.13.3",
            "python_version": "3.13"
        },
        "sources": [
            {
                "name": "pypi",
                "url": "https://pypi.org/simple",
                "verify_ssl": true
            }
        ]
    },
    "default": {
        "asgiref": {
            "hashes": [
                "sha256:3e1e3ecc849832fe52ccf2cb6686b7a55f82bb1d6aee72a58826471390335e47",
                "sha256:c343bd80a0bec947a9860adb4c432ffa7db769836c64238fc34bdc3fec84d590"
            ],
            "markers": "python_version >= '3.8'",
            "version": "==3.8.1"
        },
        "django": {
            "hashes": [
                "sha256:57fe1f1b59462caed092c80b3dd324fd92161b620d59a9ba9181c34746c97284",
                "sha256:a9b680e84f9a0e71da83e399f1e922e1ab37b2173ced046b541c72e1589a5961"
            ],
            "index": "pypi",
            "markers": "python_version >= '3.10'",
            "version": "==5.2.1"
        },
        "django-colorfield": {
            "hashes": [
                "sha256:478dbd3975a88f2ea2a9afc325faaca05c54ebf04ec985ce130f6dea39dfb899",
                "sha256:f169c4e7ad8f336e51d4ea81f866346e7d4f336f3766e54e144cd16ea7d84a0e"
            ],
            "index": "pypi",
            "version": "==0.14.0"
        },
        "django-components": {
            "hashes": [
                "sha256:03a180510964ca029ce7c9d7544cde1cad4a23791b84481b2f24104c41dc5813",
                "sha256:9f86824094c5bed189018ec61fe3d81ad04d161320ef1bf51e24e49b004dccbe"
            ],
            "index": "pypi",
            "markers": "python_version >= '3.8' and python_version < '4.0'",
            "version": "==0.139.1"
        },
        "django-debug-toolbar": {
            "hashes": [
                "sha256:15627f4c2836a9099d795e271e38e8cf5204ccd79d5dbcd748f8a6c284dcd195",
                "sha256:9e7f0145e1a1b7d78fcc3b53798686170a5b472d9cf085d88121ff823e900821"
            ],
            "index": "pypi",
            "markers": "python_version >= '3.9'",
            "version": "==5.2.0"
        },
        "djangorestframework": {
            "hashes": [
                "sha256:bea7e9f6b96a8584c5224bfb2e4348dfb3f8b5e34edbecb98da258e892089361",
                "sha256:f022ff46613584de994c0c6a4aebbace5fd700555fbe9d33b865ebf173eba6c9"
            ],
            "index": "pypi",
            "markers": "python_version >= '3.9'",
            "version": "==3.16.0"
        },
        "djc-core-html-parser": {
            "hashes": [
                "sha256:0024117a0767f80f64bb4cf54558a176a97c7a7a34cc85d623e77f851164a630",
                "sha256:00f096b0a3dd28d6cbddf6ca5f48c3a00a47408b87b5eb9b8145c7843fceb1a8",
                "sha256:039c01b06f8ba01845ffdc09b21a5ee998141ff9b673c8b6fa6570e7531a8f10",
                "sha256:056f086727b1ae3ece508030dbd184b201b516b5c43cdc80abbc34b8ca510dfc",
                "sha256:06f7e01cdfe682d336e65327bb775d4b6639cb14f1ba6151f0dc72ef38993586",
                "sha256:0778e4c43636882a070ab2955e9374cd152beebac75b91f9c2e5afbc474532c3",
                "sha256:080b96bc781956ce801def473a4bcfce5d0dd4cc25757661f5897f36542ee09a",
                "sha256:089332400a8a3a5dbd97c18330fade47c7ca54ce14f0fd4b4b7d9cc71597c7ea",
                "sha256:0ad02194a500a72a4715403796e51e7b31bbe36ed2e15260467e51a4378013ed",
                "sha256:0c1d80854de1e419fef6474eee7018a5969ca6ed57cbcf1e8c909d387cf69654",
                "sha256:0e70096612b3e99e06a813888b6c06443b3e99b1058b1511b0c4ad284bb5bf5e",
                "sha256:0f1f01417f53260a024a7c444f053ce18423be7190e71fc0f3e876029ba1f5e8",
                "sha256:13c58ab35cc90375e6e662b9581ad787e135a123e0f81b5e7c3dbb64ef8f703d",
                "sha256:13faa923b650189a62311bd083181656fc90c3326af47a95ba532b0831db7971",
                "sha256:144301d55083a73b6a477daa022a00a718e6cf43da64ea3213a80d482cbcac9a",
                "sha256:14885a94f50504f67b3d511e35973b43447e4a730671ac40242cf67152bf0371",
                "sha256:17178daac1dad31e9958e8096f3e9ca666bd40ef2646cc2e616d71794143ded3",
                "sha256:17b00e607adcda2b3484163ff7a946b1f0e3e31b332371b490ba744e287bf230",
                "sha256:1902906f6afcefe83a009b454c8eb4b877f1dcc1faea997ff2800d8d5f56edd9",
                "sha256:1dec77d10575846878b05d157d61d4024e8389079f8a672ce062ab4e7ced8f64",
                "sha256:23a01aa0ac6d0e09527fc8c60b1ba88250448ff8d403ca84b21c11110ef6a850",
                "sha256:23d834e4a91c3c96ba503bbf49bfd49b29f1f8f7437353cdeb5ec5988cc0562f",
                "sha256:2b7b777a9d2479c3d8a9698886556cac682ea94d4ddbb3d3dce3471e1fdb9966",
                "sha256:2be1a905b69a43036b200bf27f4c7b05c55ebeac06386b7528d582760adf02af",
                "sha256:2e7fa4856b76788006b4729abb790b1cf623d8f18d50d1ac62c5d01a6117d88c",
                "sha256:2e9a83b22cf51faa93e3d9465510daed536c7bd4cd305ab8260b88cfcb2dcd97",
                "sha256:31b0a873059e077ff75d65e30cf04fd34377f8b8d5678b312eeeec5724662693",
                "sha256:327318fb0f9973ac5e25605c7184d58f4c06c2e5d16f070e3a8bdf30911e3aa8",
                "sha256:32b8198febd9051de438115a201cbf7c5ffcc24f7022ac9fcd7076700f6efd96",
                "sha256:3d2fd9839321f645b6a7a27c1ac1ffab9a39d8262f6a2fa8570a12a27fe110f2",
                "sha256:451855ab1d543502faceade709100fb0d6af5244245a1bd53a08770498049a5d",
                "sha256:48cf223a7b072ba351fe07a35dad419bdb27faef5442fdcee94186dc0909773d",
                "sha256:48e54cf402127c8f05102cfd283b118521ff124597943bfad6c04e3d4e6d9bca",
                "sha256:4d448ae5f64019af11cb92bd8e551fee75965e9d01822e8d392077e92036edea",
                "sha256:4e8dc0b09e88ae22bde7ec782f7229ef46c9d2e3008bfd9930f64ef4633e1812",
                "sha256:559b3f1aa0e084bd3256d6fde55365987db80da3328e0e2d987ce2f0c4ff0a08",
                "sha256:5de4a7ddbffba06b5a1241e37edc6cdef8b4257269b993f10ab1ca068ff99533",
                "sha256:63c05eff681f66f3f7fd98f0ee032901fa6eedfd1f09c198c73753efbcdbfb67",
                "sha256:6689f1459190378786f0862a1276409944cd228039071ccdc585f63c6e309962",
                "sha256:6777784e58f13a3762ecf80397757cb60bea9515d98984b37921d804bace6252",
                "sha256:69ff725c88b695bb4a8f5a53d9c667c8bdb25353b251659ed9f1532317af80cd",
                "sha256:6d0aa795126db1c495120076cb972fc8d6fbc63295d0011512e235cfaf5e4a78",
                "sha256:6e27a6618835a52d0efb38d68b081883d763adbb906a8de44d0e048ba5fe58d3",
                "sha256:6e70931b3e37e4c6d1177ccc3cab00fd210fe2bebea53dfef6aebc691553016e",
                "sha256:6fb2b2ebfdb5e3bcf9bf0a1c6de437478e690f20bfb31941b9cf986b8bda8e9d",
                "sha256:70e28f3071bd6bdd8a4c07696b733e70bc63a8574b28b36e6d5e3f4617590b4f",
                "sha256:71248d43155c66c99f1ed0c8c96c6b1425eeab8108ce351ac87f341ff6dc8aa4",
                "sha256:72af514de25754c6c0707217251bed43cbbd2727c5e1c30951778e8834917c96",
                "sha256:7a2ecb7495066274af53cd36f0952628d0e460f123e3b29eed1dfb565f618a31",
                "sha256:7a6588f6f3ac7f825ebd70ed0fd348ffcbb71b67a6b97a9f0918abc951c026b1",
                "sha256:7afb8054d4d6e14fe3965c3f45d2553bebd83fb8b38d1c7006aebd7af22b3653",
                "sha256:7b33636e8ed5615b4b7500428b69a30a3857ca050be7d350fbc57c8a025021b7",
                "sha256:7e557881cee7ecad891bd18108d8dabb1076e7012f87752638542039710f5d0e",
                "sha256:803c73f99ff644ab9961755b80143c4edeaa6ee88fc0faa0d887dadf3a26ad35",
                "sha256:80feb080242bebad4de0b67fb5c4d113e0ea0a7022b02b1d61f8f3faa0f742c0",
                "sha256:82c19e6e545b264045ad0c5367eceb9c7c3391ca7b9537077321e8408b1fb9eb",
                "sha256:83cd6559980ddc55d2ef12a948ff97606ee81cb4e316bb6bbcf04cf782fca52e",
                "sha256:84b47cdcb695b0dbcef36f3dc67ff5b8c4bd8a9c4f9d70caf175fce8a4101787",
                "sha256:8931e9478184effbc3655eb0a3eb7c9d2cb70f7f4230f5fbfba7db7ceca7514d",
                "sha256:8c3add44f133c92db99e911a043c303991b3ee2e6fe562e66fef4109d7b8c49b",
                "sha256:8e98741832b1c0c36348022107d9536c466a952c8f07343f3632165db6f393c2",
                "sha256:8f608929d174f542a9bfa6eedb1f1a5c740344f47000dd4e18926ae6ae277051",
                "sha256:908793ec6966a0dcd092b20e0b9d1ed4693e3f9d3085e78c3ba74ecf01baaa47",
                "sha256:913e6b1432c5b2f81e6233ccbaae85727db599e240b536ee81a674c476704e6e",
                "sha256:92cb11f1bc70e9dd0d37b6874240cb13dc58e4f8819139447e0d5a467ed34db5",
                "sha256:93e99c4b3007d4bfa5dc239a7693e9c6edce5605436fd7dab612758a187c0020",
                "sha256:941e1b8c44727f6c93a51e7ddcd375c1aa29feaebabf54dfe5362d9743b1b1d7",
                "sha256:965d3930aec7036ffa6455580cae4ad2ce8d032d42a023b22721fe50b3cf2b68",
                "sha256:977f81afa4997b2f49325b7948582af28fd53e12f071e663a7c5f5b22bed667f",
                "sha256:9a970c25f38f0cf59a2a6595b8a6834a514d5edee26e80170c65ca4a8ae41f0b",
                "sha256:a058d6c0b16c35299e2b4a9d462da2e4775a66dc3171e9ac520c0d57efec7f86",
                "sha256:a236956854c6bfe68754e11cbec6e46b2c47dc7df1246121499e96c54998dcd5",
                "sha256:a4fe51a69fb3493c5214e14a29eb9802f2f52e83e46c96ebcefc1f9f3c15904e",
                "sha256:a6761de2fd4d8c81d54eac2003db27190a58b6ad1dc6b3f046ddbef2fda47da5",
                "sha256:a7c70181f6fea4ccb3da36feda193dde70700082b495e20b223bc7879bbe1a1e",
                "sha256:a82433417193f6c4e0531c647c0dbd9c8111afa7a9177361b14e8ba5af712302",
                "sha256:aa6d6d65a9d5fc61766b27ae9696d2c72ef10b8748c6462c02208421d51beafa",
                "sha256:ae5d377ae081bcd2fa5ec0aba704dcbf488c44110d44f179b1e381996a35f42d",
                "sha256:b0176fac47bee53348d207c021fd2829520fa853b8f1ee5a14642ec8aa1a8f13",
                "sha256:b02d02401e8a3a012d137b5e6e647a11b74391fae4fb5eaaffc0b4a4b058c9c4",
                "sha256:b296121c15e373c2569229907fb4f56ab01b184797215b2ad1bede2051900b08",
                "sha256:b5c17397277a11dbd9122e0adcd128faa578965067e5e7b8989e22e86c0ceb3f",
                "sha256:b66c867d99678536c3a0cf80fe19ffe02fb8a128d32689869a4a84c0559e5f71",
                "sha256:b9ad07fb87655d907c50208d530bf82918cf0e6a638117c642f1def9d5e6c490",
                "sha256:ba3f8e617372ae42afffe780b4373b545d784f56706e60d8b449def2bc794973",
                "sha256:bf913869b83091affc3cf5b2f7d0aa4ddb94ceb3430361ad80e7315283dd3643",
                "sha256:c1048ca511eef11cf738f3786bee1e161a089bfacc32ed6e3305e90216d6d734",
                "sha256:c1091c414b662b3f8dd448153c2a69b735c53fca9e64c1b7cc9750a103297ae2",
                "sha256:c5d8383126709abfad1ace658a8aefa72f9e56d77b1818929adad9066ac91594",
                "sha256:caa2651dbf3600d01685adb4f71520edfc0aba7ce7833608f332a2901d366d51",
                "sha256:cb9f839b226183214becad4355e3d5281ae78b4c5517fa77a552cd29cdbddc63",
                "sha256:cbcd39893c519fa3b76db8e7814665530afdb1704d21e69f98640aa6f434e7c4",
                "sha256:cbec56f3e2353c3fa8557d1501c9e136814fe22eb781b046266e560c1a5cf460",
                "sha256:cef15121305d41297c4b8d6ff476ce19abee64898d4e6846a6ffc65d7f1b635c",
                "sha256:cf31a0aa1449d7b5031e9f325225fba135899478b65cb49342c8260457aec4c4",
                "sha256:cf9003ec550616b2d8721f00c4c27c1c5d30500ba9f308f5e91a37525443b09b",
                "sha256:d40502307f152fe5bdbf84a22cf21812400eeb7a326bd3f3b8d9b6d6137b393b",
                "sha256:d4402e31093ce7de7e964ae3ca705971e7a9c587909baeec9fff8fa68f8acea8",
                "sha256:dd9991a7122be8b211460d06b2ba1f9f10e9a69191631d2cfcdc3dac18908f62",
                "sha256:e111631f773ce128854cc01ad197b555f2ffef1eb46ab46c1377df65e8fc59b2",
                "sha256:e35443631e2f58545cf145e77ea174a970ba31da298a9014dc05330bc1f25c5a",
                "sha256:e3f16d05e2d7dead02d9a38397310ba7122f8cf83e4fae60da9d1c908f7fbc14",
                "sha256:e803b4e2c6d54a806c37b8eb93c0e4ef2ffca183b8ec5c20ccb4bfd162ff5161",
                "sha256:e855697d056accc673a4fe8315afeb0b8e559df9254a1c7dff75b582cdda0a01",
                "sha256:e9d449efccac6d6ab2148015f701e0373b799e689c1de8a15729971c492df0b9",
                "sha256:eb1c5ea485da45b195fdf4533f49b572248bf2dc9782811399da02935c2b6d70",
                "sha256:eea365c45d74eaef2150c7062e08c80dbeb7dae8dffc57a3197a04c3107845c9",
                "sha256:f0b5cab616f63ed766ba4b9ac3685ecde57de22aa0afe8a1a077fed9ce7496fa",
                "sha256:f0b99467541521f3a293d66bf21d0186d1032eb4a9ea06624814b67abf19d21e",
                "sha256:f12346a2bdb7d18ccef375021c09e4343578676964fc7506c0758756f5c7bba8",
                "sha256:f843fba5a9e99977122aa18e1957f60e9295f6b452c2af0706f821b8b16d52ca",
                "sha256:f89a736c221ded75d94ca12258fb5447429bc0376abcf33e940b81a7a5392776",
                "sha256:fae4fac07a167e3ea8b6cd6fe8e211cfc8eb104e9b09bd1cc5a6bc7208a18a33",
                "sha256:fb075f604578440bbefcaf68f586065d48acc591889aa5fd4b08eda84c695cfd",
                "sha256:fd144013a4fd6f90035cf97c018168cac23a3b50c79fe46545cdd24527ffa47e"
            ],
            "markers": "python_version >= '3.8' and python_version < '4.0'",
            "version": "==1.0.2"
        },
        "pillow": {
            "hashes": [
                "sha256:014ca0050c85003620526b0ac1ac53f56fc93af128f7546623cc8e31875ab928",
                "sha256:036e53f4170e270ddb8797d4c590e6dd14d28e15c7da375c18978045f7e6c37b",
                "sha256:062b7a42d672c45a70fa1f8b43d1d38ff76b63421cbbe7f88146b39e8a558d91",
                "sha256:0c3e6d0f59171dfa2e25d7116217543310908dfa2770aa64b8f87605f8cacc97",
                "sha256:0c7b29dbd4281923a2bfe562acb734cee96bbb129e96e6972d315ed9f232bef4",
                "sha256:0f5c7eda47bf8e3c8a283762cab94e496ba977a420868cb819159980b6709193",
                "sha256:127bf6ac4a5b58b3d32fc8289656f77f80567d65660bc46f72c0d77e6600cc95",
                "sha256:14e33b28bf17c7a38eede290f77db7c664e4eb01f7869e37fa98a5aa95978941",
                "sha256:14f73f7c291279bd65fda51ee87affd7c1e097709f7fdd0188957a16c264601f",
                "sha256:191955c55d8a712fab8934a42bfefbf99dd0b5875078240943f913bb66d46d9f",
                "sha256:1d535df14716e7f8776b9e7fee118576d65572b4aad3ed639be9e4fa88a1cad3",
                "sha256:208653868d5c9ecc2b327f9b9ef34e0e42a4cdd172c2988fd81d62d2bc9bc044",
                "sha256:21e1470ac9e5739ff880c211fc3af01e3ae505859392bf65458c224d0bf283eb",
                "sha256:225c832a13326e34f212d2072982bb1adb210e0cc0b153e688743018c94a2681",
                "sha256:25a5f306095c6780c52e6bbb6109624b95c5b18e40aab1c3041da3e9e0cd3e2d",
                "sha256:2728567e249cdd939f6cc3d1f049595c66e4187f3c34078cbc0a7d21c47482d2",
                "sha256:2b490402c96f907a166615e9a5afacf2519e28295f157ec3a2bb9bd57de638cb",
                "sha256:312c77b7f07ab2139924d2639860e084ec2a13e72af54d4f08ac843a5fc9c79d",
                "sha256:31df6e2d3d8fc99f993fd253e97fae451a8db2e7207acf97859732273e108406",
                "sha256:35ca289f712ccfc699508c4658a1d14652e8033e9b69839edf83cbdd0ba39e70",
                "sha256:3692b68c87096ac6308296d96354eddd25f98740c9d2ab54e1549d6c8aea9d79",
                "sha256:36d6b82164c39ce5482f649b437382c0fb2395eabc1e2b1702a6deb8ad647d6e",
                "sha256:39ad2e0f424394e3aebc40168845fee52df1394a4673a6ee512d840d14ab3013",
                "sha256:3e645b020f3209a0181a418bffe7b4a93171eef6c4ef6cc20980b30bebf17b7d",
                "sha256:3fe735ced9a607fee4f481423a9c36701a39719252a9bb251679635f99d0f7d2",
                "sha256:4b835d89c08a6c2ee7781b8dd0a30209a8012b5f09c0a665b65b0eb3560b6f36",
                "sha256:4d375eb838755f2528ac8cbc926c3e31cc49ca4ad0cf79cff48b20e30634a4a7",
                "sha256:4eb92eca2711ef8be42fd3f67533765d9fd043b8c80db204f16c8ea62ee1a751",
                "sha256:5119225c622403afb4b44bad4c1ca6c1f98eed79db8d3bc6e4e160fc6339d66c",
                "sha256:562d11134c97a62fe3af29581f083033179f7ff435f78392565a1ad2d1c2c45c",
                "sha256:598174aef4589af795f66f9caab87ba4ff860ce08cd5bb447c6fc553ffee603c",
                "sha256:63b5dff3a68f371ea06025a1a6966c9a1e1ee452fc8020c2cd0ea41b83e9037b",
                "sha256:6ebce70c3f486acf7591a3d73431fa504a4e18a9b97ff27f5f47b7368e4b9dd1",
                "sha256:738db0e0941ca0376804d4de6a782c005245264edaa253ffce24e5a15cbdc7bd",
                "sha256:7491cf8a79b8eb867d419648fff2f83cb0b3891c8b36da92cc7f1931d46108c8",
                "sha256:74ee3d7ecb3f3c05459ba95eed5efa28d6092d751ce9bf20e3e253a4e497e691",
                "sha256:750f96efe0597382660d8b53e90dd1dd44568a8edb51cb7f9d5d918b80d4de14",
                "sha256:78092232a4ab376a35d68c4e6d5e00dfd73454bd12b230420025fbe178ee3b0b",
                "sha256:78afba22027b4accef10dbd5eed84425930ba41b3ea0a86fa8d20baaf19d807f",
                "sha256:7bdb5e09068332578214cadd9c05e3d64d99e0e87591be22a324bdbc18925be0",
                "sha256:80f1df8dbe9572b4b7abdfa17eb5d78dd620b1d55d9e25f834efdbee872d3aed",
                "sha256:85d27ea4c889342f7e35f6d56e7e1cb345632ad592e8c51b693d7b7556043ce0",
                "sha256:8b02d8f9cb83c52578a0b4beadba92e37d83a4ef11570a8688bbf43f4ca50909",
                "sha256:8ce2e8411c7aaef53e6bb29fe98f28cd4fbd9a1d9be2eeea434331aac0536b22",
                "sha256:8f4f3724c068be008c08257207210c138d5f3731af6c155a81c2b09a9eb3a788",
                "sha256:9622e3b6c1d8b551b6e6f21873bdcc55762b4b2126633014cea1803368a9aa16",
                "sha256:9b7b0d4fd2635f54ad82785d56bc0d94f147096493a79985d0ab57aedd563156",
                "sha256:9bc7ae48b8057a611e5fe9f853baa88093b9a76303937449397899385da06fad",
                "sha256:9db98ab6565c69082ec9b0d4e40dd9f6181dab0dd236d26f7a50b8b9bfbd5076",
                "sha256:9ee66787e095127116d91dea2143db65c7bb1e232f617aa5957c0d9d2a3f23a7",
                "sha256:a0a6709b47019dff32e678bc12c63008311b82b9327613f534e496dacaefb71e",
                "sha256:a64dd61998416367b7ef979b73d3a85853ba9bec4c2925f74e588879a58716b6",
                "sha256:aa442755e31c64037aa7c1cb186e0b369f8416c567381852c63444dd666fb772",
                "sha256:ad275964d52e2243430472fc5d2c2334b4fc3ff9c16cb0a19254e25efa03a155",
                "sha256:b0e130705d568e2f43a17bcbe74d90958e8a16263868a12c3e0d9c8162690830",
                "sha256:b10428b3416d4f9c61f94b494681280be7686bda15898a3a9e08eb66a6d92d67",
                "sha256:b2dbea1012ccb784a65349f57bbc93730b96e85b42e9bf7b01ef40443db720b4",
                "sha256:b4ba4be812c7a40280629e55ae0b14a0aafa150dd6451297562e1764808bbe61",
                "sha256:b93a07e76d13bff9444f1a029e0af2964e654bfc2e2c2d46bfd080df5ad5f3d8",
                "sha256:bf2c33d6791c598142f00c9c4c7d47f6476731c31081331664eb26d6ab583e01",
                "sha256:c27476257b2fdcd7872d54cfd119b3a9ce4610fb85c8e32b70b42e3680a29a1e",
                "sha256:c8bd62331e5032bc396a93609982a9ab6b411c05078a52f5fe3cc59234a3abd1",
                "sha256:c97209e85b5be259994eb5b69ff50c5d20cca0f458ef9abd835e262d9d88b39d",
                "sha256:cc1c3bc53befb6096b84165956e886b1729634a799e9d6329a0c512ab651e579",
                "sha256:cc5d875d56e49f112b6def6813c4e3d3036d269c008bf8aef72cd08d20ca6df6",
                "sha256:d189ba1bebfbc0c0e529159631ec72bb9e9bc041f01ec6d3233d6d82eb823bc1",
                "sha256:d4e5c5edee874dce4f653dbe59db7c73a600119fbea8d31f53423586ee2aafd7",
                "sha256:d57a75d53922fc20c165016a20d9c44f73305e67c351bbc60d1adaf662e74047",
                "sha256:da3104c57bbd72948d75f6a9389e6727d2ab6333c3617f0a89d72d4940aa0443",
                "sha256:dd6b20b93b3ccc9c1b597999209e4bc5cf2853f9ee66e3fc9a400a78733ffc9a",
                "sha256:e0409af9f829f87a2dfb7e259f78f317a5351f2045158be321fd135973fff7bf",
                "sha256:e0b55f27f584ed623221cfe995c912c61606be8513bfa0e07d2c674b4516d9dd",
                "sha256:e616e7154c37669fc1dfc14584f11e284e05d1c650e1c0f972f281c4ccc53193",
                "sha256:e6def7eed9e7fa90fde255afaf08060dc4b343bbe524a8f69bdd2a2f0018f600",
                "sha256:ea926cfbc3957090becbcbbb65ad177161a2ff2ad578b5a6ec9bb1e1cd78753c",
                "sha256:f0d3348c95b766f54b76116d53d4cb171b52992a1027e7ca50c81b43b9d9e363",
                "sha256:f6b0c664ccb879109ee3ca702a9272d877f4fcd21e5eb63c26422fd6e415365e",
                "sha256:f781dcb0bc9929adc77bad571b8621ecb1e4cdef86e940fe2e5b5ee24fd33b35",
                "sha256:f91ebf30830a48c825590aede79376cb40f110b387c17ee9bd59932c961044f9",
                "sha256:fdec757fea0b793056419bca3e9932eb2b0ceec90ef4813ea4c1e072c389eb28",
                "sha256:fe15238d3798788d00716637b3d4e7bb6bde18b26e5d08335a96e88564a36b6b"
            ],
            "markers": "python_version >= '3.9'",
            "version": "==11.2.1"
        },
        "sqlparse": {
            "hashes": [
                "sha256:09f67787f56a0b16ecdbde1bfc7f5d9c3371ca683cfeaa8e6ff60b4807ec9272",
                "sha256:cf2196ed3418f3ba5de6af7e82c694a9fbdbfecccdfc72e281548517081f16ca"
            ],
            "markers": "python_version >= '3.8'",
            "version": "==0.5.3"
        },
        "typing-extensions": {
            "hashes": [
                "sha256:a439e7c04b49fec3e5d3e2beaa21755cadbbdc391694e28ccdd36ca4a1408f8c",
                "sha256:e6c81219bd689f51865d9e372991c540bda33a0379d5573cddb9a3a23f7caaef"
            ],
            "markers": "python_version >= '3.8'",
            "version": "==4.13.2"
        }
    },
    "develop": {}
}
